dependencies:
- name: common
  repository: https://charts.bitnami.com/bitnami
  version: 2.2.5
- name: testkube-cloud-api
  repository: file://../testkube-cloud-api
  version: 1.15.42
- name: testkube-cloud-ui
  repository: file://../testkube-cloud-ui
  version: 1.15.43
- name: dex
  repository: https://charts.dexidp.io
  version: 0.14.1
- name: mongodb
  repository: https://charts.bitnami.com/bitnami
  version: 13.10.2
- name: nats
  repository: https://nats-io.github.io/k8s/helm/charts/
  version: 0.14.2
digest: sha256:1082c0782f7d5d3cd80684c3d8af45026f2f5ea044b1310ea6930a59069913cc
generated: "2023-10-02T09:07:40.099112044Z"
