dependencies:
- name: common
  repository: https://charts.bitnami.com/bitnami
  version: 2.2.5
- name: testkube-cloud-api
  repository: file://../testkube-cloud-api
  version: 1.13.14
- name: testkube-cloud-ui
  repository: file://../testkube-cloud-ui
  version: 1.13.13
- name: dex
  repository: https://charts.dexidp.io
  version: 0.14.1
- name: mongodb
  repository: https://charts.bitnami.com/bitnami
  version: 13.10.2
- name: nats
  repository: https://nats-io.github.io/k8s/helm/charts/
  version: 0.14.2
digest: sha256:aab40956b4a0d7fd16b35f643dd660d01601d36bc7c8ef68c7697ac836690df8
generated: "2023-07-24T13:23:30.077184525Z"
