dependencies:
- name: common
  repository: https://charts.bitnami.com/bitnami
  version: 2.2.5
- name: testkube-cloud-api
  repository: file://../testkube-cloud-api
  version: 1.12.23
- name: testkube-cloud-ui
  repository: file://../testkube-cloud-ui
  version: 1.12.24
- name: dex
  repository: https://charts.dexidp.io
  version: 0.14.1
- name: mongodb
  repository: https://charts.bitnami.com/bitnami
  version: 13.10.2
- name: nats
  repository: https://nats-io.github.io/k8s/helm/charts/
  version: 0.14.2
digest: sha256:20335b2e05d35903babbd45b88def76dad9bb6cdbf2b55d9170dcefdefef2e14
generated: "2023-07-17T13:38:13.940934081Z"
